<?xml version="1.0" encoding="utf-8"?>
<Project ToolsVersion="4.0" xmlns="http://schemas.microsoft.com/developer/msbuild/2003">
  <ItemGroup>
    <ClCompile Include="SDK\PE.cpp" />
    <ClCompile Include="SDK\dos-header\dos-header.cpp" />
    <ClCompile Include="SDK\nt-headers\sections\sections.cpp" />
    <ClCompile Include="SDK\nt-headers\headers\headers.cpp" />
    <ClCompile Include="SDK\nt-headers\directories\dir.cpp" />
    <ClCompile Include="example.cpp" />
  </ItemGroup>
  <ItemGroup>
    <ClInclude Include="SDK\PE.hpp" />
    <ClInclude Include="SDK\dos-header\dos-header.hpp" />
    <ClInclude Include="SDK\nt-headers\sections\sections.hpp" />
    <ClInclude Include="SDK\nt-headers\headers\headers.hpp" />
    <ClInclude Include="SDK\nt-headers\directories\dir.hpp" />
    <ClInclude Include="SDK\defs.hpp" />
  </ItemGroup>
</Project>